
Microsoft Visual Studio Solution File, Format Version 12.00
# Visual Studio Version 16
VisualStudioVersion = 16.0.30523.141
MinimumVisualStudioVersion = 10.0.40219.1
Project("{FAE04EC0-301F-11D3-BF4B-00C04F79EFBC}") = "AwesomeGym.API", "AwesomeGym.API\AwesomeGym.API.csproj", "{F6527BDE-4CEC-4B90-A797-A8B0D2C6FF34}"
EndProject
Global
	GlobalSection(SolutionConfigurationPlatforms) = preSolution
		Debug|Any CPU = Debug|Any CPU
		Release|Any CPU = Release|Any CPU
	EndGlobalSection
	GlobalSection(ProjectConfigurationPlatforms) = postSolution
		{F6527BDE-4CEC-4B90-A797-A8B0D2C6FF34}.Debug|Any CPU.ActiveCfg = Debug|Any CPU
		{F6527BDE-4CEC-4B90-A797-A8B0D2C6FF34}.Debug|Any CPU.Build.0 = Debug|Any CPU
		{F6527BDE-4CEC-4B90-A797-A8B0D2C6FF34}.Release|Any CPU.ActiveCfg = Release|Any CPU
		{F6527BDE-4CEC-4B90-A797-A8B0D2C6FF34}.Release|Any CPU.Build.0 = Release|Any CPU
	EndGlobalSection
	GlobalSection(SolutionProperties) = preSolution
		HideSolutionNode = FALSE
	EndGlobalSection
	GlobalSection(ExtensibilityGlobals) = postSolution
		SolutionGuid = {39461CE2-230D-4D82-958B-105FCF0BFC19}
	EndGlobalSection
EndGlobal
